// !$*UTF8*$!
{
	archiveVersion = 1;
	classes = {
	};
	objectVersion = 56;
	objects = {

/* Begin PBXBuildFile section */
		CE12C3662D65D5A60068F29D /* SensiWeaveTests.swift in Sources */ = {isa = PBXBuildFile; fileRef = CE12C3652D65D5A60068F29D /* SensiWeaveTests.swift */; };
		CE12C3702D65D5A60068F29D /* SensiWeaveUITests.swift in Sources */ = {isa = PBXBuildFile; fileRef = CE12C36F2D65D5A60068F29D /* SensiWeaveUITests.swift */; };
		CE12C3722D65D5A60068F29D /* SensiWeaveUITestsLaunchTests.swift in Sources */ = {isa = PBXBuildFile; fileRef = CE12C3712D65D5A60068F29D /* SensiWeaveUITestsLaunchTests.swift */; };
		CEFC5BDA2D65D70300CEBCE4 /* AlertItem.swift in Sources */ = {isa = PBXBuildFile; fileRef = CEFC5BBD2D65D70300CEBCE4 /* AlertItem.swift */; };
		CEFC5BDB2D65D70300CEBCE4 /* Constants.swift in Sources */ = {isa = PBXBuildFile; fileRef = CEFC5BBE2D65D70300CEBCE4 /* Constants.swift */; };
		CEFC5BDC2D65D70300CEBCE4 /* Persistence.swift in Sources */ = {isa = PBXBuildFile; fileRef = CEFC5BBF2D65D70300CEBCE4 /* Persistence.swift */; };
		CEFC5BDD2D65D70300CEBCE4 /* Assets.xcassets in Resources */ = {isa = PBXBuildFile; fileRef = CEFC5BC12D65D70300CEBCE4 /* Assets.xcassets */; };
		CEFC5BDE2D65D70300CEBCE4 /* CustomProfilesViewModel.swift in Sources */ = {isa = PBXBuildFile; fileRef = CEFC5BC22D65D70300CEBCE4 /* CustomProfilesViewModel.swift */; };
		CEFC5BDF2D65D70300CEBCE4 /* FabricLibraryViewModel.swift in Sources */ = {isa = PBXBuildFile; fileRef = CEFC5BC32D65D70300CEBCE4 /* FabricLibraryViewModel.swift */; };
		CEFC5BE02D65D70300CEBCE4 /* HistoryViewModel.swift in Sources */ = {isa = PBXBuildFile; fileRef = CEFC5BC42D65D70300CEBCE4 /* HistoryViewModel.swift */; };
		CEFC5BE12D65D70300CEBCE4 /* QuestionnaireViewModel.swift in Sources */ = {isa = PBXBuildFile; fileRef = CEFC5BC52D65D70300CEBCE4 /* QuestionnaireViewModel.swift */; };
		CEFC5BE22D65D70300CEBCE4 /* RecommendationViewModel.swift in Sources */ = {isa = PBXBuildFile; fileRef = CEFC5BC62D65D70300CEBCE4 /* RecommendationViewModel.swift */; };
		CEFC5BE32D65D70300CEBCE4 /* SettingsViewModel.swift in Sources */ = {isa = PBXBuildFile; fileRef = CEFC5BC72D65D70300CEBCE4 /* SettingsViewModel.swift */; };
		CEFC5BE42D65D70300CEBCE4 /* CustomProfilesView.swift in Sources */ = {isa = PBXBuildFile; fileRef = CEFC5BC92D65D70300CEBCE4 /* CustomProfilesView.swift */; };
		CEFC5BE52D65D70300CEBCE4 /* FabricLibraryView.swift in Sources */ = {isa = PBXBuildFile; fileRef = CEFC5BCA2D65D70300CEBCE4 /* FabricLibraryView.swift */; };
		CEFC5BE62D65D70300CEBCE4 /* HistoryView.swift in Sources */ = {isa = PBXBuildFile; fileRef = CEFC5BCB2D65D70300CEBCE4 /* HistoryView.swift */; };
		CEFC5BE72D65D70300CEBCE4 /* OnboardingScreen.swift in Sources */ = {isa = PBXBuildFile; fileRef = CEFC5BCC2D65D70300CEBCE4 /* OnboardingScreen.swift */; };
		CEFC5BE82D65D70300CEBCE4 /* OnboardingView.swift in Sources */ = {isa = PBXBuildFile; fileRef = CEFC5BCD2D65D70300CEBCE4 /* OnboardingView.swift */; };
		CEFC5BE92D65D70300CEBCE4 /* QuestionnaireView.swift in Sources */ = {isa = PBXBuildFile; fileRef = CEFC5BCE2D65D70300CEBCE4 /* QuestionnaireView.swift */; };
		CEFC5BEA2D65D70300CEBCE4 /* RecommendationView.swift in Sources */ = {isa = PBXBuildFile; fileRef = CEFC5BCF2D65D70300CEBCE4 /* RecommendationView.swift */; };
		CEFC5BEB2D65D70300CEBCE4 /* ReviewView.swift in Sources */ = {isa = PBXBuildFile; fileRef = CEFC5BD02D65D70300CEBCE4 /* ReviewView.swift */; };
		CEFC5BEC2D65D70300CEBCE4 /* SettingsView.swift in Sources */ = {isa = PBXBuildFile; fileRef = CEFC5BD12D65D70300CEBCE4 /* SettingsView.swift */; };
		CEFC5BED2D65D70300CEBCE4 /* SplashScreenView.swift in Sources */ = {isa = PBXBuildFile; fileRef = CEFC5BD22D65D70300CEBCE4 /* SplashScreenView.swift */; };
		CEFC5BEE2D65D70300CEBCE4 /* FabricRecommendation.swift in Sources */ = {isa = PBXBuildFile; fileRef = CEFC5BD42D65D70300CEBCE4 /* FabricRecommendation.swift */; };
		CEFC5BEF2D65D70300CEBCE4 /* Profile.swift in Sources */ = {isa = PBXBuildFile; fileRef = CEFC5BD52D65D70300CEBCE4 /* Profile.swift */; };
		CEFC5BF02D65D70300CEBCE4 /* UserPreference.swift in Sources */ = {isa = PBXBuildFile; fileRef = CEFC5BD62D65D70300CEBCE4 /* UserPreference.swift */; };
		CEFC5BF22D65D70300CEBCE4 /* AppColors.swift in Sources */ = {isa = PBXBuildFile; fileRef = CEFC5BD92D65D70300CEBCE4 /* AppColors.swift */; };
		CEFC5BF52D65D9B400CEBCE4 /* SensiWeaveApp.swift in Sources */ = {isa = PBXBuildFile; fileRef = CEFC5BF42D65D9B400CEBCE4 /* SensiWeaveApp.swift */; };
		CEFC5BF72D65D9E300CEBCE4 /* AppDelegate.swift in Sources */ = {isa = PBXBuildFile; fileRef = CEFC5BF62D65D9E300CEBCE4 /* AppDelegate.swift */; };
		CEFC5BF92D65D9F600CEBCE4 /* SceneDelegate.swift in Sources */ = {isa = PBXBuildFile; fileRef = CEFC5BF82D65D9F600CEBCE4 /* SceneDelegate.swift */; };
		CEFC5BFB2D65DA2700CEBCE4 /* ContentView.swift in Sources */ = {isa = PBXBuildFile; fileRef = CEFC5BFA2D65DA2700CEBCE4 /* ContentView.swift */; };
		CEFC5C012D65DE5800CEBCE4 /* SensiWeave.xcdatamodeld in Sources */ = {isa = PBXBuildFile; fileRef = CEFC5BFF2D65DE5800CEBCE4 /* SensiWeave.xcdatamodeld */; };
/* End PBXBuildFile section */

/* Begin PBXContainerItemProxy section */
		CE12C3622D65D5A60068F29D /* PBXContainerItemProxy */ = {
			isa = PBXContainerItemProxy;
			containerPortal = CE12C3442D65D5A50068F29D /* Project object */;
			proxyType = 1;
			remoteGlobalIDString = CE12C34B2D65D5A50068F29D;
			remoteInfo = SensiWeave;
		};
		CE12C36C2D65D5A60068F29D /* PBXContainerItemProxy */ = {
			isa = PBXContainerItemProxy;
			containerPortal = CE12C3442D65D5A50068F29D /* Project object */;
			proxyType = 1;
			remoteGlobalIDString = CE12C34B2D65D5A50068F29D;
			remoteInfo = SensiWeave;
		};
/* End PBXContainerItemProxy section */

/* Begin PBXFileReference section */
		CE12C34C2D65D5A50068F29D /* SensiWeave.app */ = {isa = PBXFileReference; explicitFileType = wrapper.application; includeInIndex = 0; path = SensiWeave.app; sourceTree = BUILT_PRODUCTS_DIR; };
		CE12C3612D65D5A60068F29D /* SensiWeaveTests.xctest */ = {isa = PBXFileReference; explicitFileType = wrapper.cfbundle; includeInIndex = 0; path = SensiWeaveTests.xctest; sourceTree = BUILT_PRODUCTS_DIR; };
		CE12C3652D65D5A60068F29D /* SensiWeaveTests.swift */ = {isa = PBXFileReference; lastKnownFileType = sourcecode.swift; path = SensiWeaveTests.swift; sourceTree = "<group>"; };
		CE12C36B2D65D5A60068F29D /* SensiWeaveUITests.xctest */ = {isa = PBXFileReference; explicitFileType = wrapper.cfbundle; includeInIndex = 0; path = SensiWeaveUITests.xctest; sourceTree = BUILT_PRODUCTS_DIR; };
		CE12C36F2D65D5A60068F29D /* SensiWeaveUITests.swift */ = {isa = PBXFileReference; lastKnownFileType = sourcecode.swift; path = SensiWeaveUITests.swift; sourceTree = "<group>"; };
		CE12C3712D65D5A60068F29D /* SensiWeaveUITestsLaunchTests.swift */ = {isa = PBXFileReference; lastKnownFileType = sourcecode.swift; path = SensiWeaveUITestsLaunchTests.swift; sourceTree = "<group>"; };
		CEFC5BBD2D65D70300CEBCE4 /* AlertItem.swift */ = {isa = PBXFileReference; fileEncoding = 4; lastKnownFileType = sourcecode.swift; path = AlertItem.swift; sourceTree = "<group>"; };
		CEFC5BBE2D65D70300CEBCE4 /* Constants.swift */ = {isa = PBXFileReference; fileEncoding = 4; lastKnownFileType = sourcecode.swift; path = Constants.swift; sourceTree = "<group>"; };
		CEFC5BBF2D65D70300CEBCE4 /* Persistence.swift */ = {isa = PBXFileReference; fileEncoding = 4; lastKnownFileType = sourcecode.swift; path = Persistence.swift; sourceTree = "<group>"; };
		CEFC5BC12D65D70300CEBCE4 /* Assets.xcassets */ = {isa = PBXFileReference; lastKnownFileType = folder.assetcatalog; path = Assets.xcassets; sourceTree = "<group>"; };
		CEFC5BC22D65D70300CEBCE4 /* CustomProfilesViewModel.swift */ = {isa = PBXFileReference; fileEncoding = 4; lastKnownFileType = sourcecode.swift; path = CustomProfilesViewModel.swift; sourceTree = "<group>"; };
		CEFC5BC32D65D70300CEBCE4 /* FabricLibraryViewModel.swift */ = {isa = PBXFileReference; fileEncoding = 4; lastKnownFileType = sourcecode.swift; path = FabricLibraryViewModel.swift; sourceTree = "<group>"; };
		CEFC5BC42D65D70300CEBCE4 /* HistoryViewModel.swift */ = {isa = PBXFileReference; fileEncoding = 4; lastKnownFileType = sourcecode.swift; path = HistoryViewModel.swift; sourceTree = "<group>"; };
		CEFC5BC52D65D70300CEBCE4 /* QuestionnaireViewModel.swift */ = {isa = PBXFileReference; fileEncoding = 4; lastKnownFileType = sourcecode.swift; path = QuestionnaireViewModel.swift; sourceTree = "<group>"; };
		CEFC5BC62D65D70300CEBCE4 /* RecommendationViewModel.swift */ = {isa = PBXFileReference; fileEncoding = 4; lastKnownFileType = sourcecode.swift; path = RecommendationViewModel.swift; sourceTree = "<group>"; };
		CEFC5BC72D65D70300CEBCE4 /* SettingsViewModel.swift */ = {isa = PBXFileReference; fileEncoding = 4; lastKnownFileType = sourcecode.swift; path = SettingsViewModel.swift; sourceTree = "<group>"; };
		CEFC5BC92D65D70300CEBCE4 /* CustomProfilesView.swift */ = {isa = PBXFileReference; fileEncoding = 4; lastKnownFileType = sourcecode.swift; path = CustomProfilesView.swift; sourceTree = "<group>"; };
		CEFC5BCA2D65D70300CEBCE4 /* FabricLibraryView.swift */ = {isa = PBXFileReference; fileEncoding = 4; lastKnownFileType = sourcecode.swift; path = FabricLibraryView.swift; sourceTree = "<group>"; };
		CEFC5BCB2D65D70300CEBCE4 /* HistoryView.swift */ = {isa = PBXFileReference; fileEncoding = 4; lastKnownFileType = sourcecode.swift; path = HistoryView.swift; sourceTree = "<group>"; };
		CEFC5BCC2D65D70300CEBCE4 /* OnboardingScreen.swift */ = {isa = PBXFileReference; fileEncoding = 4; lastKnownFileType = sourcecode.swift; path = OnboardingScreen.swift; sourceTree = "<group>"; };
		CEFC5BCD2D65D70300CEBCE4 /* OnboardingView.swift */ = {isa = PBXFileReference; fileEncoding = 4; lastKnownFileType = sourcecode.swift; path = OnboardingView.swift; sourceTree = "<group>"; };
		CEFC5BCE2D65D70300CEBCE4 /* QuestionnaireView.swift */ = {isa = PBXFileReference; fileEncoding = 4; lastKnownFileType = sourcecode.swift; path = QuestionnaireView.swift; sourceTree = "<group>"; };
		CEFC5BCF2D65D70300CEBCE4 /* RecommendationView.swift */ = {isa = PBXFileReference; fileEncoding = 4; lastKnownFileType = sourcecode.swift; path = RecommendationView.swift; sourceTree = "<group>"; };
		CEFC5BD02D65D70300CEBCE4 /* ReviewView.swift */ = {isa = PBXFileReference; fileEncoding = 4; lastKnownFileType = sourcecode.swift; path = ReviewView.swift; sourceTree = "<group>"; };
		CEFC5BD12D65D70300CEBCE4 /* SettingsView.swift */ = {isa = PBXFileReference; fileEncoding = 4; lastKnownFileType = sourcecode.swift; path = SettingsView.swift; sourceTree = "<group>"; };
		CEFC5BD22D65D70300CEBCE4 /* SplashScreenView.swift */ = {isa = PBXFileReference; fileEncoding = 4; lastKnownFileType = sourcecode.swift; path = SplashScreenView.swift; sourceTree = "<group>"; };
		CEFC5BD42D65D70300CEBCE4 /* FabricRecommendation.swift */ = {isa = PBXFileReference; fileEncoding = 4; lastKnownFileType = sourcecode.swift; path = FabricRecommendation.swift; sourceTree = "<group>"; };
		CEFC5BD52D65D70300CEBCE4 /* Profile.swift */ = {isa = PBXFileReference; fileEncoding = 4; lastKnownFileType = sourcecode.swift; path = Profile.swift; sourceTree = "<group>"; };
		CEFC5BD62D65D70300CEBCE4 /* UserPreference.swift */ = {isa = PBXFileReference; fileEncoding = 4; lastKnownFileType = sourcecode.swift; path = UserPreference.swift; sourceTree = "<group>"; };
		CEFC5BD92D65D70300CEBCE4 /* AppColors.swift */ = {isa = PBXFileReference; fileEncoding = 4; lastKnownFileType = sourcecode.swift; path = AppColors.swift; sourceTree = "<group>"; };
		CEFC5BF42D65D9B400CEBCE4 /* SensiWeaveApp.swift */ = {isa = PBXFileReference; lastKnownFileType = sourcecode.swift; path = SensiWeaveApp.swift; sourceTree = "<group>"; };
		CEFC5BF62D65D9E300CEBCE4 /* AppDelegate.swift */ = {isa = PBXFileReference; lastKnownFileType = sourcecode.swift; path = AppDelegate.swift; sourceTree = "<group>"; };
		CEFC5BF82D65D9F600CEBCE4 /* SceneDelegate.swift */ = {isa = PBXFileReference; lastKnownFileType = sourcecode.swift; path = SceneDelegate.swift; sourceTree = "<group>"; };
		CEFC5BFA2D65DA2700CEBCE4 /* ContentView.swift */ = {isa = PBXFileReference; lastKnownFileType = sourcecode.swift; path = ContentView.swift; sourceTree = "<group>"; };
		CEFC5C002D65DE5800CEBCE4 /* SensiWeave.xcdatamodel */ = {isa = PBXFileReference; lastKnownFileType = wrapper.xcdatamodel; path = SensiWeave.xcdatamodel; sourceTree = "<group>"; };
/* End PBXFileReference section */

/* Begin PBXFrameworksBuildPhase section */
		CE12C3492D65D5A50068F29D /* Frameworks */ = {
			isa = PBXFrameworksBuildPhase;
			buildActionMask = 2147483647;
			files = (
			);
			runOnlyForDeploymentPostprocessing = 0;
		};
		CE12C35E2D65D5A60068F29D /* Frameworks */ = {
			isa = PBXFrameworksBuildPhase;
			buildActionMask = 2147483647;
			files = (
			);
			runOnlyForDeploymentPostprocessing = 0;
		};
		CE12C3682D65D5A60068F29D /* Frameworks */ = {
			isa = PBXFrameworksBuildPhase;
			buildActionMask = 2147483647;
			files = (
			);
			runOnlyForDeploymentPostprocessing = 0;
		};
/* End PBXFrameworksBuildPhase section */

/* Begin PBXGroup section */
		CE12C3432D65D5A50068F29D = {
			isa = PBXGroup;
			children = (
				CE12C34E2D65D5A50068F29D /* SensiWeave */,
				CE12C3642D65D5A60068F29D /* SensiWeaveTests */,
				CE12C36E2D65D5A60068F29D /* SensiWeaveUITests */,
				CE12C34D2D65D5A50068F29D /* Products */,
			);
			sourceTree = "<group>";
		};
		CE12C34D2D65D5A50068F29D /* Products */ = {
			isa = PBXGroup;
			children = (
				CE12C34C2D65D5A50068F29D /* SensiWeave.app */,
				CE12C3612D65D5A60068F29D /* SensiWeaveTests.xctest */,
				CE12C36B2D65D5A60068F29D /* SensiWeaveUITests.xctest */,
			);
			name = Products;
			sourceTree = "<group>";
		};
		CE12C34E2D65D5A50068F29D /* SensiWeave */ = {
			isa = PBXGroup;
			children = (
				CEFC5BFE2D65DC4100CEBCE4 /* Preview Content */,
				CEFC5BD92D65D70300CEBCE4 /* AppColors.swift */,
				CEFC5BC12D65D70300CEBCE4 /* Assets.xcassets */,
				CEFC5BF32D65D98F00CEBCE4 /* App */,
				CEFC5BD72D65D70300CEBCE4 /* Models */,
				CEFC5BC02D65D70300CEBCE4 /* Utilities */,
				CEFC5BC82D65D70300CEBCE4 /* ViewModels */,
				CEFC5BD32D65D70300CEBCE4 /* Views */,
			);
			path = SensiWeave;
			sourceTree = "<group>";
		};
		CE12C3642D65D5A60068F29D /* SensiWeaveTests */ = {
			isa = PBXGroup;
			children = (
				CE12C3652D65D5A60068F29D /* SensiWeaveTests.swift */,
			);
			path = SensiWeaveTests;
			sourceTree = "<group>";
		};
		CE12C36E2D65D5A60068F29D /* SensiWeaveUITests */ = {
			isa = PBXGroup;
			children = (
				CE12C36F2D65D5A60068F29D /* SensiWeaveUITests.swift */,
				CE12C3712D65D5A60068F29D /* SensiWeaveUITestsLaunchTests.swift */,
			);
			path = SensiWeaveUITests;
			sourceTree = "<group>";
		};
		CEFC5BC02D65D70300CEBCE4 /* Utilities */ = {
			isa = PBXGroup;
			children = (
				CEFC5BBD2D65D70300CEBCE4 /* AlertItem.swift */,
				CEFC5BBE2D65D70300CEBCE4 /* Constants.swift */,
				CEFC5BBF2D65D70300CEBCE4 /* Persistence.swift */,
			);
			path = Utilities;
			sourceTree = "<group>";
		};
		CEFC5BC82D65D70300CEBCE4 /* ViewModels */ = {
			isa = PBXGroup;
			children = (
				CEFC5BC22D65D70300CEBCE4 /* CustomProfilesViewModel.swift */,
				CEFC5BC32D65D70300CEBCE4 /* FabricLibraryViewModel.swift */,
				CEFC5BC42D65D70300CEBCE4 /* HistoryViewModel.swift */,
				CEFC5BC52D65D70300CEBCE4 /* QuestionnaireViewModel.swift */,
				CEFC5BC62D65D70300CEBCE4 /* RecommendationViewModel.swift */,
				CEFC5BC72D65D70300CEBCE4 /* SettingsViewModel.swift */,
			);
			path = ViewModels;
			sourceTree = "<group>";
		};
		CEFC5BD32D65D70300CEBCE4 /* Views */ = {
			isa = PBXGroup;
			children = (
				CEFC5BFA2D65DA2700CEBCE4 /* ContentView.swift */,
				CEFC5BC92D65D70300CEBCE4 /* CustomProfilesView.swift */,
				CEFC5BCA2D65D70300CEBCE4 /* FabricLibraryView.swift */,
				CEFC5BCB2D65D70300CEBCE4 /* HistoryView.swift */,
				CEFC5BCC2D65D70300CEBCE4 /* OnboardingScreen.swift */,
				CEFC5BCD2D65D70300CEBCE4 /* OnboardingView.swift */,
				CEFC5BCE2D65D70300CEBCE4 /* QuestionnaireView.swift */,
				CEFC5BCF2D65D70300CEBCE4 /* RecommendationView.swift */,
				CEFC5BD02D65D70300CEBCE4 /* ReviewView.swift */,
				CEFC5BD12D65D70300CEBCE4 /* SettingsView.swift */,
				CEFC5BD22D65D70300CEBCE4 /* SplashScreenView.swift */,
			);
			path = Views;
			sourceTree = "<group>";
		};
		CEFC5BD72D65D70300CEBCE4 /* Models */ = {
			isa = PBXGroup;
			children = (
				CEFC5BD42D65D70300CEBCE4 /* FabricRecommendation.swift */,
				CEFC5BD52D65D70300CEBCE4 /* Profile.swift */,
				CEFC5BD62D65D70300CEBCE4 /* UserPreference.swift */,
				CEFC5BFF2D65DE5800CEBCE4 /* SensiWeave.xcdatamodeld */,
			);
			path = Models;
			sourceTree = "<group>";
		};
		CEFC5BF32D65D98F00CEBCE4 /* App */ = {
			isa = PBXGroup;
			children = (
				CEFC5BF42D65D9B400CEBCE4 /* SensiWeaveApp.swift */,
				CEFC5BF62D65D9E300CEBCE4 /* AppDelegate.swift */,
				CEFC5BF82D65D9F600CEBCE4 /* SceneDelegate.swift */,
			);
			path = App;
			sourceTree = "<group>";
		};
		CEFC5BFE2D65DC4100CEBCE4 /* Preview Content */ = {
			isa = PBXGroup;
			children = (
			);
			path = "Preview Content";
			sourceTree = "<group>";
		};
/* End PBXGroup section */

/* Begin PBXNativeTarget section */
		CE12C34B2D65D5A50068F29D /* SensiWeave */ = {
			isa = PBXNativeTarget;
			buildConfigurationList = CE12C3752D65D5A60068F29D /* Build configuration list for PBXNativeTarget "SensiWeave" */;
			buildPhases = (
				CE12C3482D65D5A50068F29D /* Sources */,
				CE12C3492D65D5A50068F29D /* Frameworks */,
				CE12C34A2D65D5A50068F29D /* Resources */,
			);
			buildRules = (
			);
			dependencies = (
			);
			name = SensiWeave;
			productName = SensiWeave;
			productReference = CE12C34C2D65D5A50068F29D /* SensiWeave.app */;
			productType = "com.apple.product-type.application";
		};
		CE12C3602D65D5A60068F29D /* SensiWeaveTests */ = {
			isa = PBXNativeTarget;
			buildConfigurationList = CE12C3782D65D5A60068F29D /* Build configuration list for PBXNativeTarget "SensiWeaveTests" */;
			buildPhases = (
				CE12C35D2D65D5A60068F29D /* Sources */,
				CE12C35E2D65D5A60068F29D /* Frameworks */,
				CE12C35F2D65D5A60068F29D /* Resources */,
			);
			buildRules = (
			);
			dependencies = (
				CE12C3632D65D5A60068F29D /* PBXTargetDependency */,
			);
			name = SensiWeaveTests;
			productName = SensiWeaveTests;
			productReference = CE12C3612D65D5A60068F29D /* SensiWeaveTests.xctest */;
			productType = "com.apple.product-type.bundle.unit-test";
		};
		CE12C36A2D65D5A60068F29D /* SensiWeaveUITests */ = {
			isa = PBXNativeTarget;
			buildConfigurationList = CE12C37B2D65D5A60068F29D /* Build configuration list for PBXNativeTarget "SensiWeaveUITests" */;
			buildPhases = (
				CE12C3672D65D5A60068F29D /* Sources */,
				CE12C3682D65D5A60068F29D /* Frameworks */,
				CE12C3692D65D5A60068F29D /* Resources */,
			);
			buildRules = (
			);
			dependencies = (
				CE12C36D2D65D5A60068F29D /* PBXTargetDependency */,
			);
			name = SensiWeaveUITests;
			productName = SensiWeaveUITests;
			productReference = CE12C36B2D65D5A60068F29D /* SensiWeaveUITests.xctest */;
			productType = "com.apple.product-type.bundle.ui-testing";
		};
/* End PBXNativeTarget section */

/* Begin PBXProject section */
		CE12C3442D65D5A50068F29D /* Project object */ = {
			isa = PBXProject;
			attributes = {
				BuildIndependentTargetsInParallel = 1;
				LastSwiftUpdateCheck = 1540;
				LastUpgradeCheck = 1540;
				TargetAttributes = {
					CE12C34B2D65D5A50068F29D = {
						CreatedOnToolsVersion = 15.4;
						LastSwiftMigration = 1540;
					};
					CE12C3602D65D5A60068F29D = {
						CreatedOnToolsVersion = 15.4;
						TestTargetID = CE12C34B2D65D5A50068F29D;
					};
					CE12C36A2D65D5A60068F29D = {
						CreatedOnToolsVersion = 15.4;
						TestTargetID = CE12C34B2D65D5A50068F29D;
					};
				};
			};
			buildConfigurationList = CE12C3472D65D5A50068F29D /* Build configuration list for PBXProject "SensiWeave" */;
			compatibilityVersion = "Xcode 14.0";
			developmentRegion = en;
			hasScannedForEncodings = 0;
			knownRegions = (
				en,
				Base,
			);
			mainGroup = CE12C3432D65D5A50068F29D;
			productRefGroup = CE12C34D2D65D5A50068F29D /* Products */;
			projectDirPath = "";
			projectRoot = "";
			targets = (
				CE12C34B2D65D5A50068F29D /* SensiWeave */,
				CE12C3602D65D5A60068F29D /* SensiWeaveTests */,
				CE12C36A2D65D5A60068F29D /* SensiWeaveUITests */,
			);
		};
/* End PBXProject section */

/* Begin PBXResourcesBuildPhase section */
		CE12C34A2D65D5A50068F29D /* Resources */ = {
			isa = PBXResourcesBuildPhase;
			buildActionMask = 2147483647;
			files = (
				CEFC5BDD2D65D70300CEBCE4 /* Assets.xcassets in Resources */,
			);
			runOnlyForDeploymentPostprocessing = 0;
		};
		CE12C35F2D65D5A60068F29D /* Resources */ = {
			isa = PBXResourcesBuildPhase;
			buildActionMask = 2147483647;
			files = (
			);
			runOnlyForDeploymentPostprocessing = 0;
		};
		CE12C3692D65D5A60068F29D /* Resources */ = {
			isa = PBXResourcesBuildPhase;
			buildActionMask = 2147483647;
			files = (
			);
			runOnlyForDeploymentPostprocessing = 0;
		};
/* End PBXResourcesBuildPhase section */

/* Begin PBXSourcesBuildPhase section */
		CE12C3482D65D5A50068F29D /* Sources */ = {
			isa = PBXSourcesBuildPhase;
			buildActionMask = 2147483647;
			files = (
				CEFC5BDC2D65D70300CEBCE4 /* Persistence.swift in Sources */,
				CEFC5BE62D65D70300CEBCE4 /* HistoryView.swift in Sources */,
				CEFC5BE22D65D70300CEBCE4 /* RecommendationViewModel.swift in Sources */,
				CEFC5BEC2D65D70300CEBCE4 /* SettingsView.swift in Sources */,
				CEFC5BEA2D65D70300CEBCE4 /* RecommendationView.swift in Sources */,
				CEFC5BEE2D65D70300CEBCE4 /* FabricRecommendation.swift in Sources */,
				CEFC5BE02D65D70300CEBCE4 /* HistoryViewModel.swift in Sources */,
				CEFC5BE42D65D70300CEBCE4 /* CustomProfilesView.swift in Sources */,
				CEFC5BE12D65D70300CEBCE4 /* QuestionnaireViewModel.swift in Sources */,
				CEFC5BDA2D65D70300CEBCE4 /* AlertItem.swift in Sources */,
				CEFC5BEF2D65D70300CEBCE4 /* Profile.swift in Sources */,
				CEFC5BE52D65D70300CEBCE4 /* FabricLibraryView.swift in Sources */,
				CEFC5BE92D65D70300CEBCE4 /* QuestionnaireView.swift in Sources */,
				CEFC5C012D65DE5800CEBCE4 /* SensiWeave.xcdatamodeld in Sources */,
				CEFC5BF72D65D9E300CEBCE4 /* AppDelegate.swift in Sources */,
				CEFC5BFB2D65DA2700CEBCE4 /* ContentView.swift in Sources */,
				CEFC5BED2D65D70300CEBCE4 /* SplashScreenView.swift in Sources */,
				CEFC5BDF2D65D70300CEBCE4 /* FabricLibraryViewModel.swift in Sources */,
				CEFC5BF02D65D70300CEBCE4 /* UserPreference.swift in Sources */,
				CEFC5BF52D65D9B400CEBCE4 /* SensiWeaveApp.swift in Sources */,
				CEFC5BE72D65D70300CEBCE4 /* OnboardingScreen.swift in Sources */,
				CEFC5BDB2D65D70300CEBCE4 /* Constants.swift in Sources */,
				CEFC5BDE2D65D70300CEBCE4 /* CustomProfilesViewModel.swift in Sources */,
				CEFC5BF92D65D9F600CEBCE4 /* SceneDelegate.swift in Sources */,
				CEFC5BEB2D65D70300CEBCE4 /* ReviewView.swift in Sources */,
				CEFC5BF22D65D70300CEBCE4 /* AppColors.swift in Sources */,
				CEFC5BE32D65D70300CEBCE4 /* SettingsViewModel.swift in Sources */,
				CEFC5BE82D65D70300CEBCE4 /* OnboardingView.swift in Sources */,
			);
			runOnlyForDeploymentPostprocessing = 0;
		};
		CE12C35D2D65D5A60068F29D /* Sources */ = {
			isa = PBXSourcesBuildPhase;
			buildActionMask = 2147483647;
			files = (
				CE12C3662D65D5A60068F29D /* SensiWeaveTests.swift in Sources */,
			);
			runOnlyForDeploymentPostprocessing = 0;
		};
		CE12C3672D65D5A60068F29D /* Sources */ = {
			isa = PBXSourcesBuildPhase;
			buildActionMask = 2147483647;
			files = (
				CE12C3722D65D5A60068F29D /* SensiWeaveUITestsLaunchTests.swift in Sources */,
				CE12C3702D65D5A60068F29D /* SensiWeaveUITests.swift in Sources */,
			);
			runOnlyForDeploymentPostprocessing = 0;
		};
/* End PBXSourcesBuildPhase section */

/* Begin PBXTargetDependency section */
		CE12C3632D65D5A60068F29D /* PBXTargetDependency */ = {
			isa = PBXTargetDependency;
			target = CE12C34B2D65D5A50068F29D /* SensiWeave */;
			targetProxy = CE12C3622D65D5A60068F29D /* PBXContainerItemProxy */;
		};
		CE12C36D2D65D5A60068F29D /* PBXTargetDependency */ = {
			isa = PBXTargetDependency;
			target = CE12C34B2D65D5A50068F29D /* SensiWeave */;
			targetProxy = CE12C36C2D65D5A60068F29D /* PBXContainerItemProxy */;
		};
/* End PBXTargetDependency section */

/* Begin XCBuildConfiguration section */
		CE12C3732D65D5A60068F29D /* Debug */ = {
			isa = XCBuildConfiguration;
			buildSettings = {
				ALWAYS_SEARCH_USER_PATHS = NO;
				ASSETCATALOG_COMPILER_GENERATE_SWIFT_ASSET_SYMBOL_EXTENSIONS = YES;
				CLANG_ANALYZER_NONNULL = YES;
				CLANG_ANALYZER_NUMBER_OBJECT_CONVERSION = YES_AGGRESSIVE;
				CLANG_CXX_LANGUAGE_STANDARD = "gnu++20";
				CLANG_ENABLE_MODULES = YES;
				CLANG_ENABLE_OBJC_ARC = YES;
				CLANG_ENABLE_OBJC_WEAK = YES;
				CLANG_WARN_BLOCK_CAPTURE_AUTORELEASING = YES;
				CLANG_WARN_BOOL_CONVERSION = YES;
				CLANG_WARN_COMMA = YES;
				CLANG_WARN_CONSTANT_CONVERSION = YES;
				CLANG_WARN_DEPRECATED_OBJC_IMPLEMENTATIONS = YES;
				CLANG_WARN_DIRECT_OBJC_ISA_USAGE = YES_ERROR;
				CLANG_WARN_DOCUMENTATION_COMMENTS = YES;
				CLANG_WARN_EMPTY_BODY = YES;
				CLANG_WARN_ENUM_CONVERSION = YES;
				CLANG_WARN_INFINITE_RECURSION = YES;
				CLANG_WARN_INT_CONVERSION = YES;
				CLANG_WARN_NON_LITERAL_NULL_CONVERSION = YES;
				CLANG_WARN_OBJC_IMPLICIT_RETAIN_SELF = YES;
				CLANG_WARN_OBJC_LITERAL_CONVERSION = YES;
				CLANG_WARN_OBJC_ROOT_CLASS = YES_ERROR;
				CLANG_WARN_QUOTED_INCLUDE_IN_FRAMEWORK_HEADER = YES;
				CLANG_WARN_RANGE_LOOP_ANALYSIS = YES;
				CLANG_WARN_STRICT_PROTOTYPES = YES;
				CLANG_WARN_SUSPICIOUS_MOVE = YES;
				CLANG_WARN_UNGUARDED_AVAILABILITY = YES_AGGRESSIVE;
				CLANG_WARN_UNREACHABLE_CODE = YES;
				CLANG_WARN__DUPLICATE_METHOD_MATCH = YES;
				COPY_PHASE_STRIP = NO;
				DEBUG_INFORMATION_FORMAT = dwarf;
				ENABLE_STRICT_OBJC_MSGSEND = YES;
				ENABLE_TESTABILITY = YES;
				ENABLE_USER_SCRIPT_SANDBOXING = YES;
				GCC_C_LANGUAGE_STANDARD = gnu17;
				GCC_DYNAMIC_NO_PIC = NO;
				GCC_NO_COMMON_BLOCKS = YES;
				GCC_OPTIMIZATION_LEVEL = 0;
				GCC_PREPROCESSOR_DEFINITIONS = (
					"DEBUG=1",
					"$(inherited)",
				);
				GCC_WARN_64_TO_32_BIT_CONVERSION = YES;
				GCC_WARN_ABOUT_RETURN_TYPE = YES_ERROR;
				GCC_WARN_UNDECLARED_SELECTOR = YES;
				GCC_WARN_UNINITIALIZED_AUTOS = YES_AGGRESSIVE;
				GCC_WARN_UNUSED_FUNCTION = YES;
				GCC_WARN_UNUSED_VARIABLE = YES;
				IPHONEOS_DEPLOYMENT_TARGET = 17.5;
				LOCALIZATION_PREFERS_STRING_CATALOGS = YES;
				MTL_ENABLE_DEBUG_INFO = INCLUDE_SOURCE;
				MTL_FAST_MATH = YES;
				ONLY_ACTIVE_ARCH = YES;
				SDKROOT = iphoneos;
				SWIFT_ACTIVE_COMPILATION_CONDITIONS = "DEBUG $(inherited)";
				SWIFT_OPTIMIZATION_LEVEL = "-Onone";
			};
			name = Debug;
		};
		CE12C3742D65D5A60068F29D /* Release */ = {
			isa = XCBuildConfiguration;
			buildSettings = {
				ALWAYS_SEARCH_USER_PATHS = NO;
				ASSETCATALOG_COMPILER_GENERATE_SWIFT_ASSET_SYMBOL_EXTENSIONS = YES;
				CLANG_ANALYZER_NONNULL = YES;
				CLANG_ANALYZER_NUMBER_OBJECT_CONVERSION = YES_AGGRESSIVE;
				CLANG_CXX_LANGUAGE_STANDARD = "gnu++20";
				CLANG_ENABLE_MODULES = YES;
				CLANG_ENABLE_OBJC_ARC = YES;
				CLANG_ENABLE_OBJC_WEAK = YES;
				CLANG_WARN_BLOCK_CAPTURE_AUTORELEASING = YES;
				CLANG_WARN_BOOL_CONVERSION = YES;
				CLANG_WARN_COMMA = YES;
				CLANG_WARN_CONSTANT_CONVERSION = YES;
				CLANG_WARN_DEPRECATED_OBJC_IMPLEMENTATIONS = YES;
				CLANG_WARN_DIRECT_OBJC_ISA_USAGE = YES_ERROR;
				CLANG_WARN_DOCUMENTATION_COMMENTS = YES;
				CLANG_WARN_EMPTY_BODY = YES;
				CLANG_WARN_ENUM_CONVERSION = YES;
				CLANG_WARN_INFINITE_RECURSION = YES;
				CLANG_WARN_INT_CONVERSION = YES;
				CLANG_WARN_NON_LITERAL_NULL_CONVERSION = YES;
				CLANG_WARN_OBJC_IMPLICIT_RETAIN_SELF = YES;
				CLANG_WARN_OBJC_LITERAL_CONVERSION = YES;
				CLANG_WARN_OBJC_ROOT_CLASS = YES_ERROR;
				CLANG_WARN_QUOTED_INCLUDE_IN_FRAMEWORK_HEADER = YES;
				CLANG_WARN_RANGE_LOOP_ANALYSIS = YES;
				CLANG_WARN_STRICT_PROTOTYPES = YES;
				CLANG_WARN_SUSPICIOUS_MOVE = YES;
				CLANG_WARN_UNGUARDED_AVAILABILITY = YES_AGGRESSIVE;
				CLANG_WARN_UNREACHABLE_CODE = YES;
				CLANG_WARN__DUPLICATE_METHOD_MATCH = YES;
				COPY_PHASE_STRIP = NO;
				DEBUG_INFORMATION_FORMAT = "dwarf-with-dsym";
				ENABLE_NS_ASSERTIONS = NO;
				ENABLE_STRICT_OBJC_MSGSEND = YES;
				ENABLE_USER_SCRIPT_SANDBOXING = YES;
				GCC_C_LANGUAGE_STANDARD = gnu17;
				GCC_NO_COMMON_BLOCKS = YES;
				GCC_WARN_64_TO_32_BIT_CONVERSION = YES;
				GCC_WARN_ABOUT_RETURN_TYPE = YES_ERROR;
				GCC_WARN_UNDECLARED_SELECTOR = YES;
				GCC_WARN_UNINITIALIZED_AUTOS = YES_AGGRESSIVE;
				GCC_WARN_UNUSED_FUNCTION = YES;
				GCC_WARN_UNUSED_VARIABLE = YES;
				IPHONEOS_DEPLOYMENT_TARGET = 17.5;
				LOCALIZATION_PREFERS_STRING_CATALOGS = YES;
				MTL_ENABLE_DEBUG_INFO = NO;
				MTL_FAST_MATH = YES;
				SDKROOT = iphoneos;
				SWIFT_COMPILATION_MODE = wholemodule;
				VALIDATE_PRODUCT = YES;
			};
			name = Release;
		};
		CE12C3762D65D5A60068F29D /* Debug */ = {
			isa = XCBuildConfiguration;
			buildSettings = {
				ASSETCATALOG_COMPILER_APPICON_NAME = AppIcon;
				ASSETCATALOG_COMPILER_GLOBAL_ACCENT_COLOR_NAME = AccentColor;
				CLANG_ENABLE_MODULES = YES;
				CODE_SIGN_STYLE = Automatic;
				CURRENT_PROJECT_VERSION = 1;
				DEVELOPMENT_ASSET_PATHS = "\"SensiWeave/Preview Content\"";
				ENABLE_PREVIEWS = YES;
				GENERATE_INFOPLIST_FILE = YES;
				INFOPLIST_KEY_UIApplicationSceneManifest_Generation = YES;
				INFOPLIST_KEY_UIApplicationSupportsIndirectInputEvents = YES;
				INFOPLIST_KEY_UILaunchScreen_Generation = YES;
				INFOPLIST_KEY_UISupportedInterfaceOrientations_iPad = "UIInterfaceOrientationPortrait UIInterfaceOrientationPortraitUpsideDown UIInterfaceOrientationLandscapeLeft UIInterfaceOrientationLandscapeRight";
				INFOPLIST_KEY_UISupportedInterfaceOrientations_iPhone = "UIInterfaceOrientationPortrait UIInterfaceOrientationLandscapeLeft UIInterfaceOrientationLandscapeRight";
				LD_RUNPATH_SEARCH_PATHS = (
					"$(inherited)",
					"@executable_path/Frameworks",
				);
				MARKETING_VERSION = 1.0;
				PRODUCT_BUNDLE_IDENTIFIER = dev.sjx.SensiWeave;
				PRODUCT_NAME = "$(TARGET_NAME)";
				SWIFT_EMIT_LOC_STRINGS = YES;
				SWIFT_OPTIMIZATION_LEVEL = "-Onone";
				SWIFT_VERSION = 5.0;
				TARGETED_DEVICE_FAMILY = "1,2";
			};
			name = Debug;
		};
		CE12C3772D65D5A60068F29D /* Release */ = {
			isa = XCBuildConfiguration;
			buildSettings = {
				ASSETCATALOG_COMPILER_APPICON_NAME = AppIcon;
				ASSETCATALOG_COMPILER_GLOBAL_ACCENT_COLOR_NAME = AccentColor;
				CLANG_ENABLE_MODULES = YES;
				CODE_SIGN_STYLE = Automatic;
				CURRENT_PROJECT_VERSION = 1;
				DEVELOPMENT_ASSET_PATHS = "\"SensiWeave/Preview Content\"";
				ENABLE_PREVIEWS = YES;
				GENERATE_INFOPLIST_FILE = YES;
				INFOPLIST_KEY_UIApplicationSceneManifest_Generation = YES;
				INFOPLIST_KEY_UIApplicationSupportsIndirectInputEvents = YES;
				INFOPLIST_KEY_UILaunchScreen_Generation = YES;
				INFOPLIST_KEY_UISupportedInterfaceOrientations_iPad = "UIInterfaceOrientationPortrait UIInterfaceOrientationPortraitUpsideDown UIInterfaceOrientationLandscapeLeft UIInterfaceOrientationLandscapeRight";
				INFOPLIST_KEY_UISupportedInterfaceOrientations_iPhone = "UIInterfaceOrientationPortrait UIInterfaceOrientationLandscapeLeft UIInterfaceOrientationLandscapeRight";
				LD_RUNPATH_SEARCH_PATHS = (
					"$(inherited)",
					"@executable_path/Frameworks",
				);
				MARKETING_VERSION = 1.0;
				PRODUCT_BUNDLE_IDENTIFIER = dev.sjx.SensiWeave;
				PRODUCT_NAME = "$(TARGET_NAME)";
				SWIFT_EMIT_LOC_STRINGS = YES;
				SWIFT_VERSION = 5.0;
				TARGETED_DEVICE_FAMILY = "1,2";
			};
			name = Release;
		};
		CE12C3792D65D5A60068F29D /* Debug */ = {
			isa = XCBuildConfiguration;
			buildSettings = {
				ALWAYS_EMBED_SWIFT_STANDARD_LIBRARIES = YES;
				BUNDLE_LOADER = "$(TEST_HOST)";
				CODE_SIGN_STYLE = Automatic;
				CURRENT_PROJECT_VERSION = 1;
				GENERATE_INFOPLIST_FILE = YES;
				IPHONEOS_DEPLOYMENT_TARGET = 17.5;
				MARKETING_VERSION = 1.0;
				PRODUCT_BUNDLE_IDENTIFIER = dev.sjx.SensiWeaveTests;
				PRODUCT_NAME = "$(TARGET_NAME)";
				SWIFT_EMIT_LOC_STRINGS = NO;
				SWIFT_VERSION = 5.0;
				TARGETED_DEVICE_FAMILY = "1,2";
				TEST_HOST = "$(BUILT_PRODUCTS_DIR)/SensiWeave.app/$(BUNDLE_EXECUTABLE_FOLDER_PATH)/SensiWeave";
			};
			name = Debug;
		};
		CE12C37A2D65D5A60068F29D /* Release */ = {
			isa = XCBuildConfiguration;
			buildSettings = {
				ALWAYS_EMBED_SWIFT_STANDARD_LIBRARIES = YES;
				BUNDLE_LOADER = "$(TEST_HOST)";
				CODE_SIGN_STYLE = Automatic;
				CURRENT_PROJECT_VERSION = 1;
				GENERATE_INFOPLIST_FILE = YES;
				IPHONEOS_DEPLOYMENT_TARGET = 17.5;
				MARKETING_VERSION = 1.0;
				PRODUCT_BUNDLE_IDENTIFIER = dev.sjx.SensiWeaveTests;
				PRODUCT_NAME = "$(TARGET_NAME)";
				SWIFT_EMIT_LOC_STRINGS = NO;
				SWIFT_VERSION = 5.0;
				TARGETED_DEVICE_FAMILY = "1,2";
				TEST_HOST = "$(BUILT_PRODUCTS_DIR)/SensiWeave.app/$(BUNDLE_EXECUTABLE_FOLDER_PATH)/SensiWeave";
			};
			name = Release;
		};
		CE12C37C2D65D5A60068F29D /* Debug */ = {
			isa = XCBuildConfiguration;
			buildSettings = {
				ALWAYS_EMBED_SWIFT_STANDARD_LIBRARIES = YES;
				CODE_SIGN_STYLE = Automatic;
				CURRENT_PROJECT_VERSION = 1;
				GENERATE_INFOPLIST_FILE = YES;
				MARKETING_VERSION = 1.0;
				PRODUCT_BUNDLE_IDENTIFIER = dev.sjx.SensiWeaveUITests;
				PRODUCT_NAME = "$(TARGET_NAME)";
				SWIFT_EMIT_LOC_STRINGS = NO;
				SWIFT_VERSION = 5.0;
				TARGETED_DEVICE_FAMILY = "1,2";
				TEST_TARGET_NAME = SensiWeave;
			};
			name = Debug;
		};
		CE12C37D2D65D5A60068F29D /* Release */ = {
			isa = XCBuildConfiguration;
			buildSettings = {
				ALWAYS_EMBED_SWIFT_STANDARD_LIBRARIES = YES;
				CODE_SIGN_STYLE = Automatic;
				CURRENT_PROJECT_VERSION = 1;
				GENERATE_INFOPLIST_FILE = YES;
				MARKETING_VERSION = 1.0;
				PRODUCT_BUNDLE_IDENTIFIER = dev.sjx.SensiWeaveUITests;
				PRODUCT_NAME = "$(TARGET_NAME)";
				SWIFT_EMIT_LOC_STRINGS = NO;
				SWIFT_VERSION = 5.0;
				TARGETED_DEVICE_FAMILY = "1,2";
				TEST_TARGET_NAME = SensiWeave;
			};
			name = Release;
		};
/* End XCBuildConfiguration section */

/* Begin XCConfigurationList section */
		CE12C3472D65D5A50068F29D /* Build configuration list for PBXProject "SensiWeave" */ = {
			isa = XCConfigurationList;
			buildConfigurations = (
				CE12C3732D65D5A60068F29D /* Debug */,
				CE12C3742D65D5A60068F29D /* Release */,
			);
			defaultConfigurationIsVisible = 0;
			defaultConfigurationName = Release;
		};
		CE12C3752D65D5A60068F29D /* Build configuration list for PBXNativeTarget "SensiWeave" */ = {
			isa = XCConfigurationList;
			buildConfigurations = (
				CE12C3762D65D5A60068F29D /* Debug */,
				CE12C3772D65D5A60068F29D /* Release */,
			);
			defaultConfigurationIsVisible = 0;
			defaultConfigurationName = Release;
		};
		CE12C3782D65D5A60068F29D /* Build configuration list for PBXNativeTarget "SensiWeaveTests" */ = {
			isa = XCConfigurationList;
			buildConfigurations = (
				CE12C3792D65D5A60068F29D /* Debug */,
				CE12C37A2D65D5A60068F29D /* Release */,
			);
			defaultConfigurationIsVisible = 0;
			defaultConfigurationName = Release;
		};
		CE12C37B2D65D5A60068F29D /* Build configuration list for PBXNativeTarget "SensiWeaveUITests" */ = {
			isa = XCConfigurationList;
			buildConfigurations = (
				CE12C37C2D65D5A60068F29D /* Debug */,
				CE12C37D2D65D5A60068F29D /* Release */,
			);
			defaultConfigurationIsVisible = 0;
			defaultConfigurationName = Release;
		};
/* End XCConfigurationList section */

/* Begin XCVersionGroup section */
		CEFC5BFF2D65DE5800CEBCE4 /* SensiWeave.xcdatamodeld */ = {
			isa = XCVersionGroup;
			children = (
				CEFC5C002D65DE5800CEBCE4 /* SensiWeave.xcdatamodel */,
			);
			currentVersion = CEFC5C002D65DE5800CEBCE4 /* SensiWeave.xcdatamodel */;
			name = SensiWeave.xcdatamodeld;
			path = /Users/user/Desktop/SwiftProject/SensiWeave/SensiWeave/Models/SensiWeave.xcdatamodeld;
			sourceTree = "<group>";
			versionGroupType = wrapper.xcdatamodel;
		};
/* End XCVersionGroup section */
	};
	rootObject = CE12C3442D65D5A50068F29D /* Project object */;
}
